// !$*UTF8*$!
{
	archiveVersion = 1;
	classes = {
	};
	objectVersion = 52;
	objects = {

/* Begin PBXBuildFile section */
		2E2C2509241FE703001D8B86 /* AppDelegate.swift in Sources */ = {isa = PBXBuildFile; fileRef = 2E2C2508241FE703001D8B86 /* AppDelegate.swift */; };
		2E2C250B241FE703001D8B86 /* SceneDelegate.swift in Sources */ = {isa = PBXBuildFile; fileRef = 2E2C250A241FE703001D8B86 /* SceneDelegate.swift */; };
		2E2C250D241FE703001D8B86 /* ContactListView.swift in Sources */ = {isa = PBXBuildFile; fileRef = 2E2C250C241FE703001D8B86 /* ContactListView.swift */; };
		2E2C250F241FE706001D8B86 /* Assets.xcassets in Resources */ = {isa = PBXBuildFile; fileRef = 2E2C250E241FE706001D8B86 /* Assets.xcassets */; };
		2E2C2512241FE706001D8B86 /* Preview Assets.xcassets in Resources */ = {isa = PBXBuildFile; fileRef = 2E2C2511241FE706001D8B86 /* Preview Assets.xcassets */; };
		2E2C2515241FE706001D8B86 /* LaunchScreen.storyboard in Resources */ = {isa = PBXBuildFile; fileRef = 2E2C2513241FE706001D8B86 /* LaunchScreen.storyboard */; };
		2E6BBC5524215EE500838EE6 /* ContactAPI.swift in Sources */ = {isa = PBXBuildFile; fileRef = 2E6BBC5424215EE500838EE6 /* ContactAPI.swift */; };
		2E6BBC572421C74800838EE6 /* ContactListViewModel.swift in Sources */ = {isa = PBXBuildFile; fileRef = 2E6BBC562421C74800838EE6 /* ContactListViewModel.swift */; };
		2E6BBC592422D69D00838EE6 /* EditContactView.swift in Sources */ = {isa = PBXBuildFile; fileRef = 2E6BBC582422D69D00838EE6 /* EditContactView.swift */; };
		2E6BBC5B2423B3AA00838EE6 /* PhoneRow.swift in Sources */ = {isa = PBXBuildFile; fileRef = 2E6BBC5A2423B3AA00838EE6 /* PhoneRow.swift */; };
		2E6BBC5D2423B9A200838EE6 /* PhoneListView.swift in Sources */ = {isa = PBXBuildFile; fileRef = 2E6BBC5C2423B9A200838EE6 /* PhoneListView.swift */; };
		2E6BBC5F2423BCBB00838EE6 /* PhoneListModelView.swift in Sources */ = {isa = PBXBuildFile; fileRef = 2E6BBC5E2423BCBB00838EE6 /* PhoneListModelView.swift */; };
		2E6BBC612423CD6C00838EE6 /* ContactDetailView.swift in Sources */ = {isa = PBXBuildFile; fileRef = 2E6BBC602423CD6C00838EE6 /* ContactDetailView.swift */; };
		2E6BBDAB24242D4900838EE6 /* ContactDetailViewModel.swift in Sources */ = {isa = PBXBuildFile; fileRef = 2E6BBDAA24242D4900838EE6 /* ContactDetailViewModel.swift */; };
		2E6BBDAD242464DC00838EE6 /* AddressRow.swift in Sources */ = {isa = PBXBuildFile; fileRef = 2E6BBDAC242464DC00838EE6 /* AddressRow.swift */; };
		2E6BBDAF24246A3900838EE6 /* DateRow.swift in Sources */ = {isa = PBXBuildFile; fileRef = 2E6BBDAE24246A3900838EE6 /* DateRow.swift */; };
		2ED34CBF242013C400D70A49 /* ContactListModels in Frameworks */ = {isa = PBXBuildFile; productRef = 2ED34CBE242013C400D70A49 /* ContactListModels */; };
		2ED34CC124203E8300D70A49 /* ContactRow.swift in Sources */ = {isa = PBXBuildFile; fileRef = 2ED34CC024203E8300D70A49 /* ContactRow.swift */; };
/* End PBXBuildFile section */

/* Begin PBXFileReference section */
		2E2C2505241FE703001D8B86 /* ContactList.app */ = {isa = PBXFileReference; explicitFileType = wrapper.application; includeInIndex = 0; path = ContactList.app; sourceTree = BUILT_PRODUCTS_DIR; };
		2E2C2508241FE703001D8B86 /* AppDelegate.swift */ = {isa = PBXFileReference; lastKnownFileType = sourcecode.swift; path = AppDelegate.swift; sourceTree = "<group>"; };
		2E2C250A241FE703001D8B86 /* SceneDelegate.swift */ = {isa = PBXFileReference; lastKnownFileType = sourcecode.swift; path = SceneDelegate.swift; sourceTree = "<group>"; };
		2E2C250C241FE703001D8B86 /* ContactListView.swift */ = {isa = PBXFileReference; lastKnownFileType = sourcecode.swift; path = ContactListView.swift; sourceTree = "<group>"; };
		2E2C250E241FE706001D8B86 /* Assets.xcassets */ = {isa = PBXFileReference; lastKnownFileType = folder.assetcatalog; path = Assets.xcassets; sourceTree = "<group>"; };
		2E2C2511241FE706001D8B86 /* Preview Assets.xcassets */ = {isa = PBXFileReference; lastKnownFileType = folder.assetcatalog; path = "Preview Assets.xcassets"; sourceTree = "<group>"; };
		2E2C2514241FE706001D8B86 /* Base */ = {isa = PBXFileReference; lastKnownFileType = file.storyboard; name = Base; path = Base.lproj/LaunchScreen.storyboard; sourceTree = "<group>"; };
		2E2C2516241FE706001D8B86 /* Info.plist */ = {isa = PBXFileReference; lastKnownFileType = text.plist.xml; path = Info.plist; sourceTree = "<group>"; };
		2E6BBC5424215EE500838EE6 /* ContactAPI.swift */ = {isa = PBXFileReference; lastKnownFileType = sourcecode.swift; path = ContactAPI.swift; sourceTree = "<group>"; };
		2E6BBC562421C74800838EE6 /* ContactListViewModel.swift */ = {isa = PBXFileReference; lastKnownFileType = sourcecode.swift; path = ContactListViewModel.swift; sourceTree = "<group>"; };
		2E6BBC582422D69D00838EE6 /* EditContactView.swift */ = {isa = PBXFileReference; lastKnownFileType = sourcecode.swift; path = EditContactView.swift; sourceTree = "<group>"; };
		2E6BBC5A2423B3AA00838EE6 /* PhoneRow.swift */ = {isa = PBXFileReference; lastKnownFileType = sourcecode.swift; path = PhoneRow.swift; sourceTree = "<group>"; };
		2E6BBC5C2423B9A200838EE6 /* PhoneListView.swift */ = {isa = PBXFileReference; lastKnownFileType = sourcecode.swift; path = PhoneListView.swift; sourceTree = "<group>"; };
		2E6BBC5E2423BCBB00838EE6 /* PhoneListModelView.swift */ = {isa = PBXFileReference; lastKnownFileType = sourcecode.swift; path = PhoneListModelView.swift; sourceTree = "<group>"; };
		2E6BBC602423CD6C00838EE6 /* ContactDetailView.swift */ = {isa = PBXFileReference; lastKnownFileType = sourcecode.swift; path = ContactDetailView.swift; sourceTree = "<group>"; };
		2E6BBDAA24242D4900838EE6 /* ContactDetailViewModel.swift */ = {isa = PBXFileReference; lastKnownFileType = sourcecode.swift; path = ContactDetailViewModel.swift; sourceTree = "<group>"; };
		2E6BBDAC242464DC00838EE6 /* AddressRow.swift */ = {isa = PBXFileReference; lastKnownFileType = sourcecode.swift; path = AddressRow.swift; sourceTree = "<group>"; };
		2E6BBDAE24246A3900838EE6 /* DateRow.swift */ = {isa = PBXFileReference; lastKnownFileType = sourcecode.swift; path = DateRow.swift; sourceTree = "<group>"; };
		2ED34CC024203E8300D70A49 /* ContactRow.swift */ = {isa = PBXFileReference; lastKnownFileType = sourcecode.swift; path = ContactRow.swift; sourceTree = "<group>"; };
/* End PBXFileReference section */

/* Begin PBXFrameworksBuildPhase section */
		2E2C2502241FE703001D8B86 /* Frameworks */ = {
			isa = PBXFrameworksBuildPhase;
			buildActionMask = 2147483647;
			files = (
				2ED34CBF242013C400D70A49 /* ContactListModels in Frameworks */,
			);
			runOnlyForDeploymentPostprocessing = 0;
		};
/* End PBXFrameworksBuildPhase section */

/* Begin PBXGroup section */
		2E2C24FC241FE703001D8B86 = {
			isa = PBXGroup;
			children = (
				2E2C2507241FE703001D8B86 /* ContactList */,
				2E2C2506241FE703001D8B86 /* Products */,
			);
			sourceTree = "<group>";
		};
		2E2C2506241FE703001D8B86 /* Products */ = {
			isa = PBXGroup;
			children = (
				2E2C2505241FE703001D8B86 /* ContactList.app */,
			);
			name = Products;
			sourceTree = "<group>";
		};
		2E2C2507241FE703001D8B86 /* ContactList */ = {
			isa = PBXGroup;
			children = (
				2E2C2508241FE703001D8B86 /* AppDelegate.swift */,
				2E2C250A241FE703001D8B86 /* SceneDelegate.swift */,
				2E2C250C241FE703001D8B86 /* ContactListView.swift */,
				2E2C250E241FE706001D8B86 /* Assets.xcassets */,
				2E2C2513241FE706001D8B86 /* LaunchScreen.storyboard */,
				2E2C2516241FE706001D8B86 /* Info.plist */,
				2E2C2510241FE706001D8B86 /* Preview Content */,
				2ED34CC024203E8300D70A49 /* ContactRow.swift */,
				2E6BBC5424215EE500838EE6 /* ContactAPI.swift */,
				2E6BBC562421C74800838EE6 /* ContactListViewModel.swift */,
				2E6BBC5A2423B3AA00838EE6 /* PhoneRow.swift */,
				2E6BBC5C2423B9A200838EE6 /* PhoneListView.swift */,
				2E6BBC5E2423BCBB00838EE6 /* PhoneListModelView.swift */,
				2E6BBC602423CD6C00838EE6 /* ContactDetailView.swift */,
				2E6BBC582422D69D00838EE6 /* EditContactView.swift */,
				2E6BBDAA24242D4900838EE6 /* ContactDetailViewModel.swift */,
				2E6BBDAC242464DC00838EE6 /* AddressRow.swift */,
				2E6BBDAE24246A3900838EE6 /* DateRow.swift */,
			);
			path = ContactList;
			sourceTree = "<group>";
		};
		2E2C2510241FE706001D8B86 /* Preview Content */ = {
			isa = PBXGroup;
			children = (
				2E2C2511241FE706001D8B86 /* Preview Assets.xcassets */,
			);
			path = "Preview Content";
			sourceTree = "<group>";
		};
/* End PBXGroup section */

/* Begin PBXNativeTarget section */
		2E2C2504241FE703001D8B86 /* ContactList */ = {
			isa = PBXNativeTarget;
			buildConfigurationList = 2E2C2519241FE706001D8B86 /* Build configuration list for PBXNativeTarget "ContactList" */;
			buildPhases = (
				2E2C2501241FE703001D8B86 /* Sources */,
				2E2C2502241FE703001D8B86 /* Frameworks */,
				2E2C2503241FE703001D8B86 /* Resources */,
			);
			buildRules = (
			);
			dependencies = (
			);
			name = ContactList;
			packageProductDependencies = (
				2ED34CBE242013C400D70A49 /* ContactListModels */,
			);
			productName = ContactList;
			productReference = 2E2C2505241FE703001D8B86 /* ContactList.app */;
			productType = "com.apple.product-type.application";
		};
/* End PBXNativeTarget section */

/* Begin PBXProject section */
		2E2C24FD241FE703001D8B86 /* Project object */ = {
			isa = PBXProject;
			attributes = {
				LastSwiftUpdateCheck = 1130;
				LastUpgradeCheck = 1130;
				ORGANIZATIONNAME = "Joseph Bao";
				TargetAttributes = {
					2E2C2504241FE703001D8B86 = {
						CreatedOnToolsVersion = 11.3.1;
					};
				};
			};
			buildConfigurationList = 2E2C2500241FE703001D8B86 /* Build configuration list for PBXProject "ContactList" */;
			compatibilityVersion = "Xcode 9.3";
			developmentRegion = en;
			hasScannedForEncodings = 0;
			knownRegions = (
				en,
				Base,
			);
			mainGroup = 2E2C24FC241FE703001D8B86;
			packageReferences = (
				2ED34CBD242013C400D70A49 /* XCRemoteSwiftPackageReference "contactlistmodels" */,
			);
			productRefGroup = 2E2C2506241FE703001D8B86 /* Products */;
			projectDirPath = "";
			projectRoot = "";
			targets = (
				2E2C2504241FE703001D8B86 /* ContactList */,
			);
		};
/* End PBXProject section */

/* Begin PBXResourcesBuildPhase section */
		2E2C2503241FE703001D8B86 /* Resources */ = {
			isa = PBXResourcesBuildPhase;
			buildActionMask = 2147483647;
			files = (
				2E2C2515241FE706001D8B86 /* LaunchScreen.storyboard in Resources */,
				2E2C2512241FE706001D8B86 /* Preview Assets.xcassets in Resources */,
				2E2C250F241FE706001D8B86 /* Assets.xcassets in Resources */,
			);
			runOnlyForDeploymentPostprocessing = 0;
		};
/* End PBXResourcesBuildPhase section */

/* Begin PBXSourcesBuildPhase section */
		2E2C2501241FE703001D8B86 /* Sources */ = {
			isa = PBXSourcesBuildPhase;
			buildActionMask = 2147483647;
			files = (
				2E2C2509241FE703001D8B86 /* AppDelegate.swift in Sources */,
				2E2C250B241FE703001D8B86 /* SceneDelegate.swift in Sources */,
				2E6BBDAD242464DC00838EE6 /* AddressRow.swift in Sources */,
				2E2C250D241FE703001D8B86 /* ContactListView.swift in Sources */,
				2E6BBC5B2423B3AA00838EE6 /* PhoneRow.swift in Sources */,
				2E6BBC592422D69D00838EE6 /* EditContactView.swift in Sources */,
				2E6BBDAB24242D4900838EE6 /* ContactDetailViewModel.swift in Sources */,
				2E6BBC5D2423B9A200838EE6 /* PhoneListView.swift in Sources */,
				2E6BBC572421C74800838EE6 /* ContactListViewModel.swift in Sources */,
				2E6BBC5524215EE500838EE6 /* ContactAPI.swift in Sources */,
				2ED34CC124203E8300D70A49 /* ContactRow.swift in Sources */,
				2E6BBC612423CD6C00838EE6 /* ContactDetailView.swift in Sources */,
				2E6BBDAF24246A3900838EE6 /* DateRow.swift in Sources */,
				2E6BBC5F2423BCBB00838EE6 /* PhoneListModelView.swift in Sources */,
			);
			runOnlyForDeploymentPostprocessing = 0;
		};
/* End PBXSourcesBuildPhase section */

/* Begin PBXVariantGroup section */
		2E2C2513241FE706001D8B86 /* LaunchScreen.storyboard */ = {
			isa = PBXVariantGroup;
			children = (
				2E2C2514241FE706001D8B86 /* Base */,
			);
			name = LaunchScreen.storyboard;
			sourceTree = "<group>";
		};
/* End PBXVariantGroup section */

/* Begin XCBuildConfiguration section */
		2E2C2517241FE706001D8B86 /* Debug */ = {
			isa = XCBuildConfiguration;
			buildSettings = {
				ALWAYS_SEARCH_USER_PATHS = NO;
				CLANG_ANALYZER_NONNULL = YES;
				CLANG_ANALYZER_NUMBER_OBJECT_CONVERSION = YES_AGGRESSIVE;
				CLANG_CXX_LANGUAGE_STANDARD = "gnu++14";
				CLANG_CXX_LIBRARY = "libc++";
				CLANG_ENABLE_MODULES = YES;
				CLANG_ENABLE_OBJC_ARC = YES;
				CLANG_ENABLE_OBJC_WEAK = YES;
				CLANG_WARN_BLOCK_CAPTURE_AUTORELEASING = YES;
				CLANG_WARN_BOOL_CONVERSION = YES;
				CLANG_WARN_COMMA = YES;
				CLANG_WARN_CONSTANT_CONVERSION = YES;
				CLANG_WARN_DEPRECATED_OBJC_IMPLEMENTATIONS = YES;
				CLANG_WARN_DIRECT_OBJC_ISA_USAGE = YES_ERROR;
				CLANG_WARN_DOCUMENTATION_COMMENTS = YES;
				CLANG_WARN_EMPTY_BODY = YES;
				CLANG_WARN_ENUM_CONVERSION = YES;
				CLANG_WARN_INFINITE_RECURSION = YES;
				CLANG_WARN_INT_CONVERSION = YES;
				CLANG_WARN_NON_LITERAL_NULL_CONVERSION = YES;
				CLANG_WARN_OBJC_IMPLICIT_RETAIN_SELF = YES;
				CLANG_WARN_OBJC_LITERAL_CONVERSION = YES;
				CLANG_WARN_OBJC_ROOT_CLASS = YES_ERROR;
				CLANG_WARN_RANGE_LOOP_ANALYSIS = YES;
				CLANG_WARN_STRICT_PROTOTYPES = YES;
				CLANG_WARN_SUSPICIOUS_MOVE = YES;
				CLANG_WARN_UNGUARDED_AVAILABILITY = YES_AGGRESSIVE;
				CLANG_WARN_UNREACHABLE_CODE = YES;
				CLANG_WARN__DUPLICATE_METHOD_MATCH = YES;
				COPY_PHASE_STRIP = NO;
				DEBUG_INFORMATION_FORMAT = dwarf;
				ENABLE_STRICT_OBJC_MSGSEND = YES;
				ENABLE_TESTABILITY = YES;
				GCC_C_LANGUAGE_STANDARD = gnu11;
				GCC_DYNAMIC_NO_PIC = NO;
				GCC_NO_COMMON_BLOCKS = YES;
				GCC_OPTIMIZATION_LEVEL = 0;
				GCC_PREPROCESSOR_DEFINITIONS = (
					"DEBUG=1",
					"$(inherited)",
				);
				GCC_WARN_64_TO_32_BIT_CONVERSION = YES;
				GCC_WARN_ABOUT_RETURN_TYPE = YES_ERROR;
				GCC_WARN_UNDECLARED_SELECTOR = YES;
				GCC_WARN_UNINITIALIZED_AUTOS = YES_AGGRESSIVE;
				GCC_WARN_UNUSED_FUNCTION = YES;
				GCC_WARN_UNUSED_VARIABLE = YES;
				IPHONEOS_DEPLOYMENT_TARGET = 13.2;
				MTL_ENABLE_DEBUG_INFO = INCLUDE_SOURCE;
				MTL_FAST_MATH = YES;
				ONLY_ACTIVE_ARCH = YES;
				SDKROOT = iphoneos;
				SWIFT_ACTIVE_COMPILATION_CONDITIONS = DEBUG;
				SWIFT_OPTIMIZATION_LEVEL = "-Onone";
			};
			name = Debug;
		};
		2E2C2518241FE706001D8B86 /* Release */ = {
			isa = XCBuildConfiguration;
			buildSettings = {
				ALWAYS_SEARCH_USER_PATHS = NO;
				CLANG_ANALYZER_NONNULL = YES;
				CLANG_ANALYZER_NUMBER_OBJECT_CONVERSION = YES_AGGRESSIVE;
				CLANG_CXX_LANGUAGE_STANDARD = "gnu++14";
				CLANG_CXX_LIBRARY = "libc++";
				CLANG_ENABLE_MODULES = YES;
				CLANG_ENABLE_OBJC_ARC = YES;
				CLANG_ENABLE_OBJC_WEAK = YES;
				CLANG_WARN_BLOCK_CAPTURE_AUTORELEASING = YES;
				CLANG_WARN_BOOL_CONVERSION = YES;
				CLANG_WARN_COMMA = YES;
				CLANG_WARN_CONSTANT_CONVERSION = YES;
				CLANG_WARN_DEPRECATED_OBJC_IMPLEMENTATIONS = YES;
				CLANG_WARN_DIRECT_OBJC_ISA_USAGE = YES_ERROR;
				CLANG_WARN_DOCUMENTATION_COMMENTS = YES;
				CLANG_WARN_EMPTY_BODY = YES;
				CLANG_WARN_ENUM_CONVERSION = YES;
				CLANG_WARN_INFINITE_RECURSION = YES;
				CLANG_WARN_INT_CONVERSION = YES;
				CLANG_WARN_NON_LITERAL_NULL_CONVERSION = YES;
				CLANG_WARN_OBJC_IMPLICIT_RETAIN_SELF = YES;
				CLANG_WARN_OBJC_LITERAL_CONVERSION = YES;
				CLANG_WARN_OBJC_ROOT_CLASS = YES_ERROR;
				CLANG_WARN_RANGE_LOOP_ANALYSIS = YES;
				CLANG_WARN_STRICT_PROTOTYPES = YES;
				CLANG_WARN_SUSPICIOUS_MOVE = YES;
				CLANG_WARN_UNGUARDED_AVAILABILITY = YES_AGGRESSIVE;
				CLANG_WARN_UNREACHABLE_CODE = YES;
				CLANG_WARN__DUPLICATE_METHOD_MATCH = YES;
				COPY_PHASE_STRIP = NO;
				DEBUG_INFORMATION_FORMAT = "dwarf-with-dsym";
				ENABLE_NS_ASSERTIONS = NO;
				ENABLE_STRICT_OBJC_MSGSEND = YES;
				GCC_C_LANGUAGE_STANDARD = gnu11;
				GCC_NO_COMMON_BLOCKS = YES;
				GCC_WARN_64_TO_32_BIT_CONVERSION = YES;
				GCC_WARN_ABOUT_RETURN_TYPE = YES_ERROR;
				GCC_WARN_UNDECLARED_SELECTOR = YES;
				GCC_WARN_UNINITIALIZED_AUTOS = YES_AGGRESSIVE;
				GCC_WARN_UNUSED_FUNCTION = YES;
				GCC_WARN_UNUSED_VARIABLE = YES;
				IPHONEOS_DEPLOYMENT_TARGET = 13.2;
				MTL_ENABLE_DEBUG_INFO = NO;
				MTL_FAST_MATH = YES;
				SDKROOT = iphoneos;
				SWIFT_COMPILATION_MODE = wholemodule;
				SWIFT_OPTIMIZATION_LEVEL = "-O";
				VALIDATE_PRODUCT = YES;
			};
			name = Release;
		};
		2E2C251A241FE706001D8B86 /* Debug */ = {
			isa = XCBuildConfiguration;
			buildSettings = {
				ASSETCATALOG_COMPILER_APPICON_NAME = AppIcon;
				CODE_SIGN_STYLE = Automatic;
				DEVELOPMENT_ASSET_PATHS = "\"ContactList/Preview Content\"";
				ENABLE_PREVIEWS = YES;
				INFOPLIST_FILE = ContactList/Info.plist;
				LD_RUNPATH_SEARCH_PATHS = (
					"$(inherited)",
					"@executable_path/Frameworks",
				);
				PRODUCT_BUNDLE_IDENTIFIER = UTDallas.ContactList;
				PRODUCT_NAME = "$(TARGET_NAME)";
				SWIFT_VERSION = 5.0;
				TARGETED_DEVICE_FAMILY = "1,2";
			};
			name = Debug;
		};
		2E2C251B241FE706001D8B86 /* Release */ = {
			isa = XCBuildConfiguration;
			buildSettings = {
				ASSETCATALOG_COMPILER_APPICON_NAME = AppIcon;
				CODE_SIGN_STYLE = Automatic;
				DEVELOPMENT_ASSET_PATHS = "\"ContactList/Preview Content\"";
				ENABLE_PREVIEWS = YES;
				INFOPLIST_FILE = ContactList/Info.plist;
				LD_RUNPATH_SEARCH_PATHS = (
					"$(inherited)",
					"@executable_path/Frameworks",
				);
				PRODUCT_BUNDLE_IDENTIFIER = UTDallas.ContactList;
				PRODUCT_NAME = "$(TARGET_NAME)";
				SWIFT_VERSION = 5.0;
				TARGETED_DEVICE_FAMILY = "1,2";
			};
			name = Release;
		};
/* End XCBuildConfiguration section */

/* Begin XCConfigurationList section */
		2E2C2500241FE703001D8B86 /* Build configuration list for PBXProject "ContactList" */ = {
			isa = XCConfigurationList;
			buildConfigurations = (
				2E2C2517241FE706001D8B86 /* Debug */,
				2E2C2518241FE706001D8B86 /* Release */,
			);
			defaultConfigurationIsVisible = 0;
			defaultConfigurationName = Release;
		};
		2E2C2519241FE706001D8B86 /* Build configuration list for PBXNativeTarget "ContactList" */ = {
			isa = XCConfigurationList;
			buildConfigurations = (
				2E2C251A241FE706001D8B86 /* Debug */,
				2E2C251B241FE706001D8B86 /* Release */,
			);
			defaultConfigurationIsVisible = 0;
			defaultConfigurationName = Release;
		};
/* End XCConfigurationList section */

/* Begin XCRemoteSwiftPackageReference section */
		2ED34CBD242013C400D70A49 /* XCRemoteSwiftPackageReference "contactlistmodels" */ = {
			isa = XCRemoteSwiftPackageReference;
			repositoryURL = "https://github.com/pumperknickle/contactlistmodels";
			requirement = {
				kind = exactVersion;
				version = 0.0.7;
			};
		};
/* End XCRemoteSwiftPackageReference section */

/* Begin XCSwiftPackageProductDependency section */
		2ED34CBE242013C400D70A49 /* ContactListModels */ = {
			isa = XCSwiftPackageProductDependency;
			package = 2ED34CBD242013C400D70A49 /* XCRemoteSwiftPackageReference "contactlistmodels" */;
			productName = ContactListModels;
		};
/* End XCSwiftPackageProductDependency section */
	};
	rootObject = 2E2C24FD241FE703001D8B86 /* Project object */;
}
