{
  "object": {
    "pins": [
      {
        "package": "ContactListModels",
        "repositoryURL": "https://github.com/pumperknickle/contactlistmodels",
        "state": {
          "branch": null,
          "revision": "7f7cf11d9f9d092530e6419fa5aa5fadb7d1e8af",
          "version": "0.0.7"
        }
      }
    ]
  },
  "version": 1
}
