{
  "object": {
    "pins": [
      {
        "package": "ContactListModels",
        "repositoryURL": "https://github.com/pumperknickle/contactlistmodels",
        "state": {
          "branch": null,
          "revision": "149bba99dca1fe8b3f62771a9bbf229f383b309e",
          "version": "0.1.3"
        }
      }
    ]
  },
  "version": 1
}
